// !$*UTF8*$!
{
	archiveVersion = 1;
	classes = {
	};
	objectVersion = 77;
	objects = {

/* Begin PBXBuildFile section */
		6C698A092F0ECF2B001229A8 /* CombineMoya in Frameworks */ = {isa = PBXBuildFile; productRef = 6C698A082F0ECF2B001229A8 /* CombineMoya */; };
		6C698A0B2F0ECF2B001229A8 /* Moya in Frameworks */ = {isa = PBXBuildFile; productRef = 6C698A0A2F0ECF2B001229A8 /* Moya */; };
		6C698A6E2F10E9E6001229A8 /* KakaoSDK in Frameworks */ = {isa = PBXBuildFile; productRef = 6C698A6D2F10E9E6001229A8 /* KakaoSDK */; };
		6C698A702F10E9E6001229A8 /* KakaoSDKAuth in Frameworks */ = {isa = PBXBuildFile; productRef = 6C698A6F2F10E9E6001229A8 /* KakaoSDKAuth */; };
		6C698A722F10E9E6001229A8 /* KakaoSDKUser in Frameworks */ = {isa = PBXBuildFile; productRef = 6C698A712F10E9E6001229A8 /* KakaoSDKUser */; };
		6C944CBA2F0ACF9F007D9AB5 /* Then in Frameworks */ = {isa = PBXBuildFile; productRef = 6C944CB92F0ACF9F007D9AB5 /* Then */; };
		6C944CBD2F0AD02D007D9AB5 /* SnapKit in Frameworks */ = {isa = PBXBuildFile; productRef = 6C944CBC2F0AD02D007D9AB5 /* SnapKit */; };
/* End PBXBuildFile section */

/* Begin PBXFileReference section */
		6C944CA02F0ACF42007D9AB5 /* Forday.app */ = {isa = PBXFileReference; explicitFileType = wrapper.application; includeInIndex = 0; path = Forday.app; sourceTree = BUILT_PRODUCTS_DIR; };
/* End PBXFileReference section */

/* Begin PBXFileSystemSynchronizedBuildFileExceptionSet section */
		6C944CB22F0ACF43007D9AB5 /* Exceptions for "Forday" folder in "Forday" target */ = {
			isa = PBXFileSystemSynchronizedBuildFileExceptionSet;
			membershipExceptions = (
				Info.plist,
			);
			target = 6C944C9F2F0ACF42007D9AB5 /* Forday */;
		};
/* End PBXFileSystemSynchronizedBuildFileExceptionSet section */

/* Begin PBXFileSystemSynchronizedRootGroup section */
		6C944CA22F0ACF42007D9AB5 /* Forday */ = {
			isa = PBXFileSystemSynchronizedRootGroup;
			exceptions = (
				6C944CB22F0ACF43007D9AB5 /* Exceptions for "Forday" folder in "Forday" target */,
			);
			path = Forday;
			sourceTree = "<group>";
		};
/* End PBXFileSystemSynchronizedRootGroup section */

/* Begin PBXFrameworksBuildPhase section */
		6C944C9D2F0ACF42007D9AB5 /* Frameworks */ = {
			isa = PBXFrameworksBuildPhase;
			buildActionMask = 2147483647;
			files = (
				6C944CBA2F0ACF9F007D9AB5 /* Then in Frameworks */,
				6C698A6E2F10E9E6001229A8 /* KakaoSDK in Frameworks */,
				6C944CBD2F0AD02D007D9AB5 /* SnapKit in Frameworks */,
				6C698A722F10E9E6001229A8 /* KakaoSDKUser in Frameworks */,
				6C698A0B2F0ECF2B001229A8 /* Moya in Frameworks */,
				6C698A092F0ECF2B001229A8 /* CombineMoya in Frameworks */,
				6C698A702F10E9E6001229A8 /* KakaoSDKAuth in Frameworks */,
			);
			runOnlyForDeploymentPostprocessing = 0;
		};
/* End PBXFrameworksBuildPhase section */

/* Begin PBXGroup section */
		6C944C972F0ACF42007D9AB5 = {
			isa = PBXGroup;
			children = (
				6C944CA22F0ACF42007D9AB5 /* Forday */,
				6C944CA12F0ACF42007D9AB5 /* Products */,
			);
			sourceTree = "<group>";
		};
		6C944CA12F0ACF42007D9AB5 /* Products */ = {
			isa = PBXGroup;
			children = (
				6C944CA02F0ACF42007D9AB5 /* Forday.app */,
			);
			name = Products;
			sourceTree = "<group>";
		};
/* End PBXGroup section */

/* Begin PBXNativeTarget section */
		6C944C9F2F0ACF42007D9AB5 /* Forday */ = {
			isa = PBXNativeTarget;
			buildConfigurationList = 6C944CB32F0ACF43007D9AB5 /* Build configuration list for PBXNativeTarget "Forday" */;
			buildPhases = (
				6C944C9C2F0ACF42007D9AB5 /* Sources */,
				6C944C9D2F0ACF42007D9AB5 /* Frameworks */,
				6C944C9E2F0ACF42007D9AB5 /* Resources */,
			);
			buildRules = (
			);
			dependencies = (
			);
			fileSystemSynchronizedGroups = (
				6C944CA22F0ACF42007D9AB5 /* Forday */,
			);
			name = Forday;
			packageProductDependencies = (
				6C944CB92F0ACF9F007D9AB5 /* Then */,
				6C944CBC2F0AD02D007D9AB5 /* SnapKit */,
				6C698A082F0ECF2B001229A8 /* CombineMoya */,
				6C698A0A2F0ECF2B001229A8 /* Moya */,
				6C698A6D2F10E9E6001229A8 /* KakaoSDK */,
				6C698A6F2F10E9E6001229A8 /* KakaoSDKAuth */,
				6C698A712F10E9E6001229A8 /* KakaoSDKUser */,
			);
			productName = Forday;
			productReference = 6C944CA02F0ACF42007D9AB5 /* Forday.app */;
			productType = "com.apple.product-type.application";
		};
/* End PBXNativeTarget section */

/* Begin PBXProject section */
		6C944C982F0ACF42007D9AB5 /* Project object */ = {
			isa = PBXProject;
			attributes = {
				BuildIndependentTargetsInParallel = 1;
				LastSwiftUpdateCheck = 2610;
				LastUpgradeCheck = 2610;
				TargetAttributes = {
					6C944C9F2F0ACF42007D9AB5 = {
						CreatedOnToolsVersion = 26.1.1;
					};
				};
			};
			buildConfigurationList = 6C944C9B2F0ACF42007D9AB5 /* Build configuration list for PBXProject "Forday" */;
			developmentRegion = en;
			hasScannedForEncodings = 0;
			knownRegions = (
				en,
				Base,
			);
			mainGroup = 6C944C972F0ACF42007D9AB5;
			minimizedProjectReferenceProxies = 1;
			packageReferences = (
				6C944CB82F0ACF9F007D9AB5 /* XCRemoteSwiftPackageReference "Then" */,
				6C944CBB2F0AD02D007D9AB5 /* XCRemoteSwiftPackageReference "SnapKit" */,
				6C698A072F0ECF2B001229A8 /* XCRemoteSwiftPackageReference "Moya" */,
				6C698A6C2F10E9E6001229A8 /* XCRemoteSwiftPackageReference "kakao-ios-sdk" */,
			);
			preferredProjectObjectVersion = 77;
			productRefGroup = 6C944CA12F0ACF42007D9AB5 /* Products */;
			projectDirPath = "";
			projectRoot = "";
			targets = (
				6C944C9F2F0ACF42007D9AB5 /* Forday */,
			);
		};
/* End PBXProject section */

/* Begin PBXResourcesBuildPhase section */
		6C944C9E2F0ACF42007D9AB5 /* Resources */ = {
			isa = PBXResourcesBuildPhase;
			buildActionMask = 2147483647;
			files = (
			);
			runOnlyForDeploymentPostprocessing = 0;
		};
/* End PBXResourcesBuildPhase section */

/* Begin PBXSourcesBuildPhase section */
		6C944C9C2F0ACF42007D9AB5 /* Sources */ = {
			isa = PBXSourcesBuildPhase;
			buildActionMask = 2147483647;
			files = (
			);
			runOnlyForDeploymentPostprocessing = 0;
		};
/* End PBXSourcesBuildPhase section */

/* Begin XCBuildConfiguration section */
		6C944CB42F0ACF43007D9AB5 /* Debug */ = {
			isa = XCBuildConfiguration;
			buildSettings = {
				ASSETCATALOG_COMPILER_APPICON_NAME = AppIcon;
				ASSETCATALOG_COMPILER_GLOBAL_ACCENT_COLOR_NAME = AccentColor;
				CODE_SIGN_STYLE = Automatic;
				CURRENT_PROJECT_VERSION = 1;
				DEVELOPMENT_TEAM = 4YH4UGRTMH;
				GENERATE_INFOPLIST_FILE = YES;
				INFOPLIST_FILE = Forday/Info.plist;
				INFOPLIST_KEY_UIApplicationSupportsIndirectInputEvents = YES;
				INFOPLIST_KEY_UILaunchStoryboardName = LaunchScreen;
				INFOPLIST_KEY_UIMainStoryboardFile = "";
				INFOPLIST_KEY_UISupportedInterfaceOrientations_iPad = "UIInterfaceOrientationPortrait UIInterfaceOrientationPortraitUpsideDown UIInterfaceOrientationLandscapeLeft UIInterfaceOrientationLandscapeRight";
				INFOPLIST_KEY_UISupportedInterfaceOrientations_iPhone = "UIInterfaceOrientationPortrait UIInterfaceOrientationLandscapeLeft UIInterfaceOrientationLandscapeRight";
				IPHONEOS_DEPLOYMENT_TARGET = 18.0;
				LD_RUNPATH_SEARCH_PATHS = (
					"$(inherited)",
					"@executable_path/Frameworks",
				);
				MARKETING_VERSION = 1.0;
				PRODUCT_BUNDLE_IDENTIFIER = Soop.Forday;
				PRODUCT_NAME = "$(TARGET_NAME)";
				STRING_CATALOG_GENERATE_SYMBOLS = YES;
				SWIFT_APPROACHABLE_CONCURRENCY = YES;
				SWIFT_DEFAULT_ACTOR_ISOLATION = MainActor;
				SWIFT_EMIT_LOC_STRINGS = YES;
				SWIFT_UPCOMING_FEATURE_MEMBER_IMPORT_VISIBILITY = YES;
				SWIFT_VERSION = 5.0;
				TARGETED_DEVICE_FAMILY = "1,2";
			};
			name = Debug;
		};
		6C944CB52F0ACF43007D9AB5 /* Release */ = {
			isa = XCBuildConfiguration;
			buildSettings = {
				ASSETCATALOG_COMPILER_APPICON_NAME = AppIcon;
				ASSETCATALOG_COMPILER_GLOBAL_ACCENT_COLOR_NAME = AccentColor;
				CODE_SIGN_STYLE = Automatic;
				CURRENT_PROJECT_VERSION = 1;
				DEVELOPMENT_TEAM = 4YH4UGRTMH;
				GENERATE_INFOPLIST_FILE = YES;
				INFOPLIST_FILE = Forday/Info.plist;
				INFOPLIST_KEY_UIApplicationSupportsIndirectInputEvents = YES;
				INFOPLIST_KEY_UILaunchStoryboardName = LaunchScreen;
				INFOPLIST_KEY_UIMainStoryboardFile = "";
				INFOPLIST_KEY_UISupportedInterfaceOrientations_iPad = "UIInterfaceOrientationPortrait UIInterfaceOrientationPortraitUpsideDown UIInterfaceOrientationLandscapeLeft UIInterfaceOrientationLandscapeRight";
				INFOPLIST_KEY_UISupportedInterfaceOrientations_iPhone = "UIInterfaceOrientationPortrait UIInterfaceOrientationLandscapeLeft UIInterfaceOrientationLandscapeRight";
				IPHONEOS_DEPLOYMENT_TARGET = 18.0;
				LD_RUNPATH_SEARCH_PATHS = (
					"$(inherited)",
					"@executable_path/Frameworks",
				);
				MARKETING_VERSION = 1.0;
				PRODUCT_BUNDLE_IDENTIFIER = Soop.Forday;
				PRODUCT_NAME = "$(TARGET_NAME)";
				STRING_CATALOG_GENERATE_SYMBOLS = YES;
				SWIFT_APPROACHABLE_CONCURRENCY = YES;
				SWIFT_DEFAULT_ACTOR_ISOLATION = MainActor;
				SWIFT_EMIT_LOC_STRINGS = YES;
				SWIFT_UPCOMING_FEATURE_MEMBER_IMPORT_VISIBILITY = YES;
				SWIFT_VERSION = 5.0;
				TARGETED_DEVICE_FAMILY = "1,2";
			};
			name = Release;
		};
		6C944CB62F0ACF43007D9AB5 /* Debug */ = {
			isa = XCBuildConfiguration;
			buildSettings = {
				ALWAYS_SEARCH_USER_PATHS = NO;
				ASSETCATALOG_COMPILER_GENERATE_SWIFT_ASSET_SYMBOL_EXTENSIONS = YES;
				CLANG_ANALYZER_NONNULL = YES;
				CLANG_ANALYZER_NUMBER_OBJECT_CONVERSION = YES_AGGRESSIVE;
				CLANG_CXX_LANGUAGE_STANDARD = "gnu++20";
				CLANG_ENABLE_MODULES = YES;
				CLANG_ENABLE_OBJC_ARC = YES;
				CLANG_ENABLE_OBJC_WEAK = YES;
				CLANG_WARN_BLOCK_CAPTURE_AUTORELEASING = YES;
				CLANG_WARN_BOOL_CONVERSION = YES;
				CLANG_WARN_COMMA = YES;
				CLANG_WARN_CONSTANT_CONVERSION = YES;
				CLANG_WARN_DEPRECATED_OBJC_IMPLEMENTATIONS = YES;
				CLANG_WARN_DIRECT_OBJC_ISA_USAGE = YES_ERROR;
				CLANG_WARN_DOCUMENTATION_COMMENTS = YES;
				CLANG_WARN_EMPTY_BODY = YES;
				CLANG_WARN_ENUM_CONVERSION = YES;
				CLANG_WARN_INFINITE_RECURSION = YES;
				CLANG_WARN_INT_CONVERSION = YES;
				CLANG_WARN_NON_LITERAL_NULL_CONVERSION = YES;
				CLANG_WARN_OBJC_IMPLICIT_RETAIN_SELF = YES;
				CLANG_WARN_OBJC_LITERAL_CONVERSION = YES;
				CLANG_WARN_OBJC_ROOT_CLASS = YES_ERROR;
				CLANG_WARN_QUOTED_INCLUDE_IN_FRAMEWORK_HEADER = YES;
				CLANG_WARN_RANGE_LOOP_ANALYSIS = YES;
				CLANG_WARN_STRICT_PROTOTYPES = YES;
				CLANG_WARN_SUSPICIOUS_MOVE = YES;
				CLANG_WARN_UNGUARDED_AVAILABILITY = YES_AGGRESSIVE;
				CLANG_WARN_UNREACHABLE_CODE = YES;
				CLANG_WARN__DUPLICATE_METHOD_MATCH = YES;
				COPY_PHASE_STRIP = NO;
				DEBUG_INFORMATION_FORMAT = dwarf;
				DEVELOPMENT_TEAM = 4YH4UGRTMH;
				ENABLE_STRICT_OBJC_MSGSEND = YES;
				ENABLE_TESTABILITY = YES;
				ENABLE_USER_SCRIPT_SANDBOXING = YES;
				GCC_C_LANGUAGE_STANDARD = gnu17;
				GCC_DYNAMIC_NO_PIC = NO;
				GCC_NO_COMMON_BLOCKS = YES;
				GCC_OPTIMIZATION_LEVEL = 0;
				GCC_PREPROCESSOR_DEFINITIONS = (
					"DEBUG=1",
					"$(inherited)",
				);
				GCC_WARN_64_TO_32_BIT_CONVERSION = YES;
				GCC_WARN_ABOUT_RETURN_TYPE = YES_ERROR;
				GCC_WARN_UNDECLARED_SELECTOR = YES;
				GCC_WARN_UNINITIALIZED_AUTOS = YES_AGGRESSIVE;
				GCC_WARN_UNUSED_FUNCTION = YES;
				GCC_WARN_UNUSED_VARIABLE = YES;
				IPHONEOS_DEPLOYMENT_TARGET = 26.1;
				LOCALIZATION_PREFERS_STRING_CATALOGS = YES;
				MTL_ENABLE_DEBUG_INFO = INCLUDE_SOURCE;
				MTL_FAST_MATH = YES;
				ONLY_ACTIVE_ARCH = YES;
				SDKROOT = iphoneos;
				SWIFT_ACTIVE_COMPILATION_CONDITIONS = "DEBUG $(inherited)";
				SWIFT_OPTIMIZATION_LEVEL = "-Onone";
			};
			name = Debug;
		};
		6C944CB72F0ACF43007D9AB5 /* Release */ = {
			isa = XCBuildConfiguration;
			buildSettings = {
				ALWAYS_SEARCH_USER_PATHS = NO;
				ASSETCATALOG_COMPILER_GENERATE_SWIFT_ASSET_SYMBOL_EXTENSIONS = YES;
				CLANG_ANALYZER_NONNULL = YES;
				CLANG_ANALYZER_NUMBER_OBJECT_CONVERSION = YES_AGGRESSIVE;
				CLANG_CXX_LANGUAGE_STANDARD = "gnu++20";
				CLANG_ENABLE_MODULES = YES;
				CLANG_ENABLE_OBJC_ARC = YES;
				CLANG_ENABLE_OBJC_WEAK = YES;
				CLANG_WARN_BLOCK_CAPTURE_AUTORELEASING = YES;
				CLANG_WARN_BOOL_CONVERSION = YES;
				CLANG_WARN_COMMA = YES;
				CLANG_WARN_CONSTANT_CONVERSION = YES;
				CLANG_WARN_DEPRECATED_OBJC_IMPLEMENTATIONS = YES;
				CLANG_WARN_DIRECT_OBJC_ISA_USAGE = YES_ERROR;
				CLANG_WARN_DOCUMENTATION_COMMENTS = YES;
				CLANG_WARN_EMPTY_BODY = YES;
				CLANG_WARN_ENUM_CONVERSION = YES;
				CLANG_WARN_INFINITE_RECURSION = YES;
				CLANG_WARN_INT_CONVERSION = YES;
				CLANG_WARN_NON_LITERAL_NULL_CONVERSION = YES;
				CLANG_WARN_OBJC_IMPLICIT_RETAIN_SELF = YES;
				CLANG_WARN_OBJC_LITERAL_CONVERSION = YES;
				CLANG_WARN_OBJC_ROOT_CLASS = YES_ERROR;
				CLANG_WARN_QUOTED_INCLUDE_IN_FRAMEWORK_HEADER = YES;
				CLANG_WARN_RANGE_LOOP_ANALYSIS = YES;
				CLANG_WARN_STRICT_PROTOTYPES = YES;
				CLANG_WARN_SUSPICIOUS_MOVE = YES;
				CLANG_WARN_UNGUARDED_AVAILABILITY = YES_AGGRESSIVE;
				CLANG_WARN_UNREACHABLE_CODE = YES;
				CLANG_WARN__DUPLICATE_METHOD_MATCH = YES;
				COPY_PHASE_STRIP = NO;
				DEBUG_INFORMATION_FORMAT = "dwarf-with-dsym";
				DEVELOPMENT_TEAM = 4YH4UGRTMH;
				ENABLE_NS_ASSERTIONS = NO;
				ENABLE_STRICT_OBJC_MSGSEND = YES;
				ENABLE_USER_SCRIPT_SANDBOXING = YES;
				GCC_C_LANGUAGE_STANDARD = gnu17;
				GCC_NO_COMMON_BLOCKS = YES;
				GCC_WARN_64_TO_32_BIT_CONVERSION = YES;
				GCC_WARN_ABOUT_RETURN_TYPE = YES_ERROR;
				GCC_WARN_UNDECLARED_SELECTOR = YES;
				GCC_WARN_UNINITIALIZED_AUTOS = YES_AGGRESSIVE;
				GCC_WARN_UNUSED_FUNCTION = YES;
				GCC_WARN_UNUSED_VARIABLE = YES;
				IPHONEOS_DEPLOYMENT_TARGET = 26.1;
				LOCALIZATION_PREFERS_STRING_CATALOGS = YES;
				MTL_ENABLE_DEBUG_INFO = NO;
				MTL_FAST_MATH = YES;
				SDKROOT = iphoneos;
				SWIFT_COMPILATION_MODE = wholemodule;
				VALIDATE_PRODUCT = YES;
			};
			name = Release;
		};
/* End XCBuildConfiguration section */

/* Begin XCConfigurationList section */
		6C944C9B2F0ACF42007D9AB5 /* Build configuration list for PBXProject "Forday" */ = {
			isa = XCConfigurationList;
			buildConfigurations = (
				6C944CB62F0ACF43007D9AB5 /* Debug */,
				6C944CB72F0ACF43007D9AB5 /* Release */,
			);
			defaultConfigurationIsVisible = 0;
			defaultConfigurationName = Release;
		};
		6C944CB32F0ACF43007D9AB5 /* Build configuration list for PBXNativeTarget "Forday" */ = {
			isa = XCConfigurationList;
			buildConfigurations = (
				6C944CB42F0ACF43007D9AB5 /* Debug */,
				6C944CB52F0ACF43007D9AB5 /* Release */,
			);
			defaultConfigurationIsVisible = 0;
			defaultConfigurationName = Release;
		};
/* End XCConfigurationList section */

/* Begin XCRemoteSwiftPackageReference section */
		6C698A072F0ECF2B001229A8 /* XCRemoteSwiftPackageReference "Moya" */ = {
			isa = XCRemoteSwiftPackageReference;
			repositoryURL = "https://github.com/Moya/Moya.git";
			requirement = {
				kind = upToNextMajorVersion;
				minimumVersion = 15.0.3;
			};
		};
		6C698A6C2F10E9E6001229A8 /* XCRemoteSwiftPackageReference "kakao-ios-sdk" */ = {
			isa = XCRemoteSwiftPackageReference;
			repositoryURL = "https://github.com/kakao/kakao-ios-sdk";
			requirement = {
				kind = upToNextMajorVersion;
				minimumVersion = 2.27.1;
			};
		};
		6C944CB82F0ACF9F007D9AB5 /* XCRemoteSwiftPackageReference "Then" */ = {
			isa = XCRemoteSwiftPackageReference;
			repositoryURL = "https://github.com/devxoul/Then.git";
			requirement = {
				kind = upToNextMajorVersion;
				minimumVersion = 3.0.0;
			};
		};
		6C944CBB2F0AD02D007D9AB5 /* XCRemoteSwiftPackageReference "SnapKit" */ = {
			isa = XCRemoteSwiftPackageReference;
			repositoryURL = "https://github.com/SnapKit/SnapKit.git";
			requirement = {
				kind = upToNextMajorVersion;
				minimumVersion = 5.0.0;
			};
		};
/* End XCRemoteSwiftPackageReference section */

/* Begin XCSwiftPackageProductDependency section */
		6C698A082F0ECF2B001229A8 /* CombineMoya */ = {
			isa = XCSwiftPackageProductDependency;
			package = 6C698A072F0ECF2B001229A8 /* XCRemoteSwiftPackageReference "Moya" */;
			productName = CombineMoya;
		};
		6C698A0A2F0ECF2B001229A8 /* Moya */ = {
			isa = XCSwiftPackageProductDependency;
			package = 6C698A072F0ECF2B001229A8 /* XCRemoteSwiftPackageReference "Moya" */;
			productName = Moya;
		};
		6C698A6D2F10E9E6001229A8 /* KakaoSDK */ = {
			isa = XCSwiftPackageProductDependency;
			package = 6C698A6C2F10E9E6001229A8 /* XCRemoteSwiftPackageReference "kakao-ios-sdk" */;
			productName = KakaoSDK;
		};
		6C698A6F2F10E9E6001229A8 /* KakaoSDKAuth */ = {
			isa = XCSwiftPackageProductDependency;
			package = 6C698A6C2F10E9E6001229A8 /* XCRemoteSwiftPackageReference "kakao-ios-sdk" */;
			productName = KakaoSDKAuth;
		};
		6C698A712F10E9E6001229A8 /* KakaoSDKUser */ = {
			isa = XCSwiftPackageProductDependency;
			package = 6C698A6C2F10E9E6001229A8 /* XCRemoteSwiftPackageReference "kakao-ios-sdk" */;
			productName = KakaoSDKUser;
		};
		6C944CB92F0ACF9F007D9AB5 /* Then */ = {
			isa = XCSwiftPackageProductDependency;
			package = 6C944CB82F0ACF9F007D9AB5 /* XCRemoteSwiftPackageReference "Then" */;
			productName = Then;
		};
		6C944CBC2F0AD02D007D9AB5 /* SnapKit */ = {
			isa = XCSwiftPackageProductDependency;
			package = 6C944CBB2F0AD02D007D9AB5 /* XCRemoteSwiftPackageReference "SnapKit" */;
			productName = SnapKit;
		};
/* End XCSwiftPackageProductDependency section */
	};
	rootObject = 6C944C982F0ACF42007D9AB5 /* Project object */;
}
